
Microsoft Visual Studio Solution File, Format Version 12.00
# Visual Studio Version 16
VisualStudioVersion = 16.0.31205.134
MinimumVisualStudioVersion = 15.0.26124.0
Project("{9A19103F-16F7-4668-BE54-9A1E7A4F7556}") = "Server", "Server\Server.csproj", "{409125C9-37C7-4BC7-8D9B-1C0030A1327F}"
EndProject
Project("{9A19103F-16F7-4668-BE54-9A1E7A4F7556}") = "JsonSharp", "JsonSharp\JsonSharp.csproj", "{8BA988D1-D522-4530-91CD-43828A5B572E}"
EndProject
Project("{9A19103F-16F7-4668-BE54-9A1E7A4F7556}") = "Standard", "Standard\Standard.csproj", "{DC827205-4329-4BB7-AB19-7484ECE5AAE4}"
EndProject
Project("{9A19103F-16F7-4668-BE54-9A1E7A4F7556}") = "Tester", "Tester\Tester.csproj", "{DA922A8B-7982-47BA-84C5-6B874CD985B5}"
EndProject
Project("{FAE04EC0-301F-11D3-BF4B-00C04F79EFBC}") = "ClientCLI", "ClientCLI\ClientCLI.csproj", "{E2A64799-31DF-4559-BE0A-45AC2BA3F534}"
EndProject
Global
	GlobalSection(SolutionConfigurationPlatforms) = preSolution
		Debug|Any CPU = Debug|Any CPU
		Debug|x64 = Debug|x64
		Debug|x86 = Debug|x86
		Release|Any CPU = Release|Any CPU
		Release|x64 = Release|x64
		Release|x86 = Release|x86
	EndGlobalSection
	GlobalSection(ProjectConfigurationPlatforms) = postSolution
		{409125C9-37C7-4BC7-8D9B-1C0030A1327F}.Debug|Any CPU.ActiveCfg = Debug|Any CPU
		{409125C9-37C7-4BC7-8D9B-1C0030A1327F}.Debug|Any CPU.Build.0 = Debug|Any CPU
		{409125C9-37C7-4BC7-8D9B-1C0030A1327F}.Debug|x64.ActiveCfg = Debug|Any CPU
		{409125C9-37C7-4BC7-8D9B-1C0030A1327F}.Debug|x64.Build.0 = Debug|Any CPU
		{409125C9-37C7-4BC7-8D9B-1C0030A1327F}.Debug|x86.ActiveCfg = Debug|Any CPU
		{409125C9-37C7-4BC7-8D9B-1C0030A1327F}.Debug|x86.Build.0 = Debug|Any CPU
		{409125C9-37C7-4BC7-8D9B-1C0030A1327F}.Release|Any CPU.ActiveCfg = Release|Any CPU
		{409125C9-37C7-4BC7-8D9B-1C0030A1327F}.Release|Any CPU.Build.0 = Release|Any CPU
		{409125C9-37C7-4BC7-8D9B-1C0030A1327F}.Release|x64.ActiveCfg = Release|Any CPU
		{409125C9-37C7-4BC7-8D9B-1C0030A1327F}.Release|x64.Build.0 = Release|Any CPU
		{409125C9-37C7-4BC7-8D9B-1C0030A1327F}.Release|x86.ActiveCfg = Release|Any CPU
		{409125C9-37C7-4BC7-8D9B-1C0030A1327F}.Release|x86.Build.0 = Release|Any CPU
		{8BA988D1-D522-4530-91CD-43828A5B572E}.Debug|Any CPU.ActiveCfg = Debug|Any CPU
		{8BA988D1-D522-4530-91CD-43828A5B572E}.Debug|Any CPU.Build.0 = Debug|Any CPU
		{8BA988D1-D522-4530-91CD-43828A5B572E}.Debug|x64.ActiveCfg = Debug|Any CPU
		{8BA988D1-D522-4530-91CD-43828A5B572E}.Debug|x64.Build.0 = Debug|Any CPU
		{8BA988D1-D522-4530-91CD-43828A5B572E}.Debug|x86.ActiveCfg = Debug|Any CPU
		{8BA988D1-D522-4530-91CD-43828A5B572E}.Debug|x86.Build.0 = Debug|Any CPU
		{8BA988D1-D522-4530-91CD-43828A5B572E}.Release|Any CPU.ActiveCfg = Release|Any CPU
		{8BA988D1-D522-4530-91CD-43828A5B572E}.Release|Any CPU.Build.0 = Release|Any CPU
		{8BA988D1-D522-4530-91CD-43828A5B572E}.Release|x64.ActiveCfg = Release|Any CPU
		{8BA988D1-D522-4530-91CD-43828A5B572E}.Release|x64.Build.0 = Release|Any CPU
		{8BA988D1-D522-4530-91CD-43828A5B572E}.Release|x86.ActiveCfg = Release|Any CPU
		{8BA988D1-D522-4530-91CD-43828A5B572E}.Release|x86.Build.0 = Release|Any CPU
		{DC827205-4329-4BB7-AB19-7484ECE5AAE4}.Debug|Any CPU.ActiveCfg = Debug|Any CPU
		{DC827205-4329-4BB7-AB19-7484ECE5AAE4}.Debug|Any CPU.Build.0 = Debug|Any CPU
		{DC827205-4329-4BB7-AB19-7484ECE5AAE4}.Debug|x64.ActiveCfg = Debug|Any CPU
		{DC827205-4329-4BB7-AB19-7484ECE5AAE4}.Debug|x64.Build.0 = Debug|Any CPU
		{DC827205-4329-4BB7-AB19-7484ECE5AAE4}.Debug|x86.ActiveCfg = Debug|Any CPU
		{DC827205-4329-4BB7-AB19-7484ECE5AAE4}.Debug|x86.Build.0 = Debug|Any CPU
		{DC827205-4329-4BB7-AB19-7484ECE5AAE4}.Release|Any CPU.ActiveCfg = Release|Any CPU
		{DC827205-4329-4BB7-AB19-7484ECE5AAE4}.Release|Any CPU.Build.0 = Release|Any CPU
		{DC827205-4329-4BB7-AB19-7484ECE5AAE4}.Release|x64.ActiveCfg = Release|Any CPU
		{DC827205-4329-4BB7-AB19-7484ECE5AAE4}.Release|x64.Build.0 = Release|Any CPU
		{DC827205-4329-4BB7-AB19-7484ECE5AAE4}.Release|x86.ActiveCfg = Release|Any CPU
		{DC827205-4329-4BB7-AB19-7484ECE5AAE4}.Release|x86.Build.0 = Release|Any CPU
		{DA922A8B-7982-47BA-84C5-6B874CD985B5}.Debug|Any CPU.ActiveCfg = Debug|Any CPU
		{DA922A8B-7982-47BA-84C5-6B874CD985B5}.Debug|Any CPU.Build.0 = Debug|Any CPU
		{DA922A8B-7982-47BA-84C5-6B874CD985B5}.Debug|x64.ActiveCfg = Debug|Any CPU
		{DA922A8B-7982-47BA-84C5-6B874CD985B5}.Debug|x64.Build.0 = Debug|Any CPU
		{DA922A8B-7982-47BA-84C5-6B874CD985B5}.Debug|x86.ActiveCfg = Debug|Any CPU
		{DA922A8B-7982-47BA-84C5-6B874CD985B5}.Debug|x86.Build.0 = Debug|Any CPU
		{DA922A8B-7982-47BA-84C5-6B874CD985B5}.Release|Any CPU.ActiveCfg = Release|Any CPU
		{DA922A8B-7982-47BA-84C5-6B874CD985B5}.Release|Any CPU.Build.0 = Release|Any CPU
		{DA922A8B-7982-47BA-84C5-6B874CD985B5}.Release|x64.ActiveCfg = Release|Any CPU
		{DA922A8B-7982-47BA-84C5-6B874CD985B5}.Release|x64.Build.0 = Release|Any CPU
		{DA922A8B-7982-47BA-84C5-6B874CD985B5}.Release|x86.ActiveCfg = Release|Any CPU
		{DA922A8B-7982-47BA-84C5-6B874CD985B5}.Release|x86.Build.0 = Release|Any CPU
		{BFA515AC-03B0-4FE3-8FAF-01B388F538A6}.Debug|Any CPU.ActiveCfg = Debug|Any CPU
		{BFA515AC-03B0-4FE3-8FAF-01B388F538A6}.Debug|Any CPU.Build.0 = Debug|Any CPU
		{BFA515AC-03B0-4FE3-8FAF-01B388F538A6}.Debug|x64.ActiveCfg = Debug|Any CPU
		{BFA515AC-03B0-4FE3-8FAF-01B388F538A6}.Debug|x64.Build.0 = Debug|Any CPU
		{BFA515AC-03B0-4FE3-8FAF-01B388F538A6}.Debug|x86.ActiveCfg = Debug|Any CPU
		{BFA515AC-03B0-4FE3-8FAF-01B388F538A6}.Debug|x86.Build.0 = Debug|Any CPU
		{BFA515AC-03B0-4FE3-8FAF-01B388F538A6}.Release|Any CPU.ActiveCfg = Release|Any CPU
		{BFA515AC-03B0-4FE3-8FAF-01B388F538A6}.Release|Any CPU.Build.0 = Release|Any CPU
		{BFA515AC-03B0-4FE3-8FAF-01B388F538A6}.Release|x64.ActiveCfg = Release|Any CPU
		{BFA515AC-03B0-4FE3-8FAF-01B388F538A6}.Release|x64.Build.0 = Release|Any CPU
		{BFA515AC-03B0-4FE3-8FAF-01B388F538A6}.Release|x86.ActiveCfg = Release|Any CPU
		{BFA515AC-03B0-4FE3-8FAF-01B388F538A6}.Release|x86.Build.0 = Release|Any CPU
		{E2A64799-31DF-4559-BE0A-45AC2BA3F534}.Debug|Any CPU.ActiveCfg = Debug|Any CPU
		{E2A64799-31DF-4559-BE0A-45AC2BA3F534}.Debug|Any CPU.Build.0 = Debug|Any CPU
		{E2A64799-31DF-4559-BE0A-45AC2BA3F534}.Debug|x64.ActiveCfg = Debug|Any CPU
		{E2A64799-31DF-4559-BE0A-45AC2BA3F534}.Debug|x64.Build.0 = Debug|Any CPU
		{E2A64799-31DF-4559-BE0A-45AC2BA3F534}.Debug|x86.ActiveCfg = Debug|Any CPU
		{E2A64799-31DF-4559-BE0A-45AC2BA3F534}.Debug|x86.Build.0 = Debug|Any CPU
		{E2A64799-31DF-4559-BE0A-45AC2BA3F534}.Release|Any CPU.ActiveCfg = Release|Any CPU
		{E2A64799-31DF-4559-BE0A-45AC2BA3F534}.Release|Any CPU.Build.0 = Release|Any CPU
		{E2A64799-31DF-4559-BE0A-45AC2BA3F534}.Release|x64.ActiveCfg = Release|Any CPU
		{E2A64799-31DF-4559-BE0A-45AC2BA3F534}.Release|x64.Build.0 = Release|Any CPU
		{E2A64799-31DF-4559-BE0A-45AC2BA3F534}.Release|x86.ActiveCfg = Release|Any CPU
		{E2A64799-31DF-4559-BE0A-45AC2BA3F534}.Release|x86.Build.0 = Release|Any CPU
	EndGlobalSection
	GlobalSection(SolutionProperties) = preSolution
		HideSolutionNode = FALSE
	EndGlobalSection
	GlobalSection(ExtensibilityGlobals) = postSolution
		SolutionGuid = {8544E14A-BA76-4BCB-92D2-D6811A84991E}
	EndGlobalSection
EndGlobal
